
Microsoft Visual Studio Solution File, Format Version 12.00
# Visual Studio Version 17
VisualStudioVersion = 17.13.35931.197 d17.13
MinimumVisualStudioVersion = 10.0.40219.1
Project("{FAE04EC0-301F-11D3-BF4B-00C04F79EFBC}") = "Día de la semana 07", "Día de la semana 07\Día de la semana 07.csproj", "{05BCDAF0-D9B4-4670-8A15-ECFC4B4CB0A6}"
EndProject
Global
	GlobalSection(SolutionConfigurationPlatforms) = preSolution
		Debug|Any CPU = Debug|Any CPU
		Release|Any CPU = Release|Any CPU
	EndGlobalSection
	GlobalSection(ProjectConfigurationPlatforms) = postSolution
		{05BCDAF0-D9B4-4670-8A15-ECFC4B4CB0A6}.Debug|Any CPU.ActiveCfg = Debug|Any CPU
		{05BCDAF0-D9B4-4670-8A15-ECFC4B4CB0A6}.Debug|Any CPU.Build.0 = Debug|Any CPU
		{05BCDAF0-D9B4-4670-8A15-ECFC4B4CB0A6}.Release|Any CPU.ActiveCfg = Release|Any CPU
		{05BCDAF0-D9B4-4670-8A15-ECFC4B4CB0A6}.Release|Any CPU.Build.0 = Release|Any CPU
	EndGlobalSection
	GlobalSection(SolutionProperties) = preSolution
		HideSolutionNode = FALSE
	EndGlobalSection
	GlobalSection(ExtensibilityGlobals) = postSolution
		SolutionGuid = {F85A0BDF-F952-484B-A70D-88A61F85F274}
	EndGlobalSection
EndGlobal
