
Microsoft Visual Studio Solution File, Format Version 12.00
# Visual Studio Version 17
VisualStudioVersion = 17.13.35931.197 d17.13
MinimumVisualStudioVersion = 10.0.40219.1
Project("{FAE04EC0-301F-11D3-BF4B-00C04F79EFBC}") = "Descuento por edad 07", "Descuento por edad 07\Descuento por edad 07.csproj", "{02365D4F-093D-4939-82A4-EE17F6C26837}"
EndProject
Global
	GlobalSection(SolutionConfigurationPlatforms) = preSolution
		Debug|Any CPU = Debug|Any CPU
		Release|Any CPU = Release|Any CPU
	EndGlobalSection
	GlobalSection(ProjectConfigurationPlatforms) = postSolution
		{02365D4F-093D-4939-82A4-EE17F6C26837}.Debug|Any CPU.ActiveCfg = Debug|Any CPU
		{02365D4F-093D-4939-82A4-EE17F6C26837}.Debug|Any CPU.Build.0 = Debug|Any CPU
		{02365D4F-093D-4939-82A4-EE17F6C26837}.Release|Any CPU.ActiveCfg = Release|Any CPU
		{02365D4F-093D-4939-82A4-EE17F6C26837}.Release|Any CPU.Build.0 = Release|Any CPU
	EndGlobalSection
	GlobalSection(SolutionProperties) = preSolution
		HideSolutionNode = FALSE
	EndGlobalSection
	GlobalSection(ExtensibilityGlobals) = postSolution
		SolutionGuid = {0E46725A-DE8D-4FB7-B298-520A81D7CD92}
	EndGlobalSection
EndGlobal
