
Microsoft Visual Studio Solution File, Format Version 12.00
# Visual Studio Version 17
VisualStudioVersion = 17.13.35931.197 d17.13
MinimumVisualStudioVersion = 10.0.40219.1
Project("{FAE04EC0-301F-11D3-BF4B-00C04F79EFBC}") = "Evaluación de temperatura 018", "Evaluación de temperatura 018\Evaluación de temperatura 018.csproj", "{01189153-8734-4476-9079-3D2593B18F5B}"
EndProject
Global
	GlobalSection(SolutionConfigurationPlatforms) = preSolution
		Debug|Any CPU = Debug|Any CPU
		Release|Any CPU = Release|Any CPU
	EndGlobalSection
	GlobalSection(ProjectConfigurationPlatforms) = postSolution
		{01189153-8734-4476-9079-3D2593B18F5B}.Debug|Any CPU.ActiveCfg = Debug|Any CPU
		{01189153-8734-4476-9079-3D2593B18F5B}.Debug|Any CPU.Build.0 = Debug|Any CPU
		{01189153-8734-4476-9079-3D2593B18F5B}.Release|Any CPU.ActiveCfg = Release|Any CPU
		{01189153-8734-4476-9079-3D2593B18F5B}.Release|Any CPU.Build.0 = Release|Any CPU
	EndGlobalSection
	GlobalSection(SolutionProperties) = preSolution
		HideSolutionNode = FALSE
	EndGlobalSection
	GlobalSection(ExtensibilityGlobals) = postSolution
		SolutionGuid = {8C66EC95-83EB-4DB5-94A8-41444AE9A479}
	EndGlobalSection
EndGlobal
