
Microsoft Visual Studio Solution File, Format Version 12.00
# Visual Studio Version 17
VisualStudioVersion = 17.13.35931.197 d17.13
MinimumVisualStudioVersion = 10.0.40219.1
Project("{FAE04EC0-301F-11D3-BF4B-00C04F79EFBC}") = "Mayor entre tres números 09", "Mayor entre tres números 09\Mayor entre tres números 09.csproj", "{A3960720-B3F6-4668-B0AA-495BD10A3B4E}"
EndProject
Global
	GlobalSection(SolutionConfigurationPlatforms) = preSolution
		Debug|Any CPU = Debug|Any CPU
		Release|Any CPU = Release|Any CPU
	EndGlobalSection
	GlobalSection(ProjectConfigurationPlatforms) = postSolution
		{A3960720-B3F6-4668-B0AA-495BD10A3B4E}.Debug|Any CPU.ActiveCfg = Debug|Any CPU
		{A3960720-B3F6-4668-B0AA-495BD10A3B4E}.Debug|Any CPU.Build.0 = Debug|Any CPU
		{A3960720-B3F6-4668-B0AA-495BD10A3B4E}.Release|Any CPU.ActiveCfg = Release|Any CPU
		{A3960720-B3F6-4668-B0AA-495BD10A3B4E}.Release|Any CPU.Build.0 = Release|Any CPU
	EndGlobalSection
	GlobalSection(SolutionProperties) = preSolution
		HideSolutionNode = FALSE
	EndGlobalSection
	GlobalSection(ExtensibilityGlobals) = postSolution
		SolutionGuid = {8C28E7C2-A7ED-4F04-B288-6A247CF29DB7}
	EndGlobalSection
EndGlobal
