
Microsoft Visual Studio Solution File, Format Version 12.00
# Visual Studio Version 17
VisualStudioVersion = 17.13.35931.197 d17.13
MinimumVisualStudioVersion = 10.0.40219.1
Project("{FAE04EC0-301F-11D3-BF4B-00C04F79EFBC}") = "Número par o impar 02", "Número par o impar 02\Número par o impar 02.csproj", "{B86087FE-DFDE-496F-A0B2-D6D29962A1DB}"
EndProject
Global
	GlobalSection(SolutionConfigurationPlatforms) = preSolution
		Debug|Any CPU = Debug|Any CPU
		Release|Any CPU = Release|Any CPU
	EndGlobalSection
	GlobalSection(ProjectConfigurationPlatforms) = postSolution
		{B86087FE-DFDE-496F-A0B2-D6D29962A1DB}.Debug|Any CPU.ActiveCfg = Debug|Any CPU
		{B86087FE-DFDE-496F-A0B2-D6D29962A1DB}.Debug|Any CPU.Build.0 = Debug|Any CPU
		{B86087FE-DFDE-496F-A0B2-D6D29962A1DB}.Release|Any CPU.ActiveCfg = Release|Any CPU
		{B86087FE-DFDE-496F-A0B2-D6D29962A1DB}.Release|Any CPU.Build.0 = Release|Any CPU
	EndGlobalSection
	GlobalSection(SolutionProperties) = preSolution
		HideSolutionNode = FALSE
	EndGlobalSection
	GlobalSection(ExtensibilityGlobals) = postSolution
		SolutionGuid = {2B2B588E-8C51-4D38-B502-8FFA713E213B}
	EndGlobalSection
EndGlobal
